
Microsoft Visual Studio Solution File, Format Version 12.00
# Visual Studio 15
VisualStudioVersion = 15.0.27130.2010
MinimumVisualStudioVersion = 10.0.40219.1
Project("{FAE04EC0-301F-11D3-BF4B-00C04F79EFBC}") = "SOLID-SRP", "SOLID-SRP\SOLID-SRP.csproj", "{508E8B80-4A90-473D-B436-DCBB7C831639}"
EndProject
Project("{FAE04EC0-301F-11D3-BF4B-00C04F79EFBC}") = "SOLID-OCP", "SOLID-OCP\SOLID-OCP.csproj", "{43682CD8-86E5-438B-AE68-E9AC07E110BD}"
EndProject
Project("{FAE04EC0-301F-11D3-BF4B-00C04F79EFBC}") = "SOLID-LSP", "SOLID-LSP\SOLID-LSP.csproj", "{8DFC5F9E-F07A-4F6A-AA28-AD5B7B01C5A0}"
EndProject
Project("{FAE04EC0-301F-11D3-BF4B-00C04F79EFBC}") = "SOLID-ISP", "SOLID-ISP\SOLID-ISP.csproj", "{1C649F1B-3357-48AE-9D19-F69705912038}"
EndProject
Project("{FAE04EC0-301F-11D3-BF4B-00C04F79EFBC}") = "SOLID-DIP", "SOLID-DIP\SOLID-DIP.csproj", "{C9C4DD75-EAF7-437B-96F2-31CCC14E7738}"
EndProject
Project("{FAE04EC0-301F-11D3-BF4B-00C04F79EFBC}") = "Builder", "Builder\Builder.csproj", "{EF92E59A-E09F-4880-8E86-5EEEA3BCAB2B}"
EndProject
Project("{FAE04EC0-301F-11D3-BF4B-00C04F79EFBC}") = "BuilderAdvanced", "BuilderAdvanced\BuilderAdvanced.csproj", "{3D4D1ADE-49EF-4DCF-97F3-850877D35107}"
EndProject
Project("{FAE04EC0-301F-11D3-BF4B-00C04F79EFBC}") = "BuilderExtensions", "BuilderExtensions\BuilderExtensions.csproj", "{A208AD68-29C6-481F-A0DD-25207C7A9BEC}"
EndProject
Project("{FAE04EC0-301F-11D3-BF4B-00C04F79EFBC}") = "ExcerciseBuilder", "ExcerciseBuilder\ExcerciseBuilder.csproj", "{2A2CEAB9-5EFF-4B44-9D09-78FCBE1887E1}"
EndProject
Project("{FAE04EC0-301F-11D3-BF4B-00C04F79EFBC}") = "Factory", "Factory\Factory.csproj", "{4FF2F1B6-F0FE-47F8-B036-B3C264C9982E}"
EndProject
Project("{FAE04EC0-301F-11D3-BF4B-00C04F79EFBC}") = "FactoryAsynchronous", "FactoryAsynchronous\FactoryAsynchronous.csproj", "{97245540-E00C-4886-9A7E-1106BAF0A06B}"
EndProject
Project("{FAE04EC0-301F-11D3-BF4B-00C04F79EFBC}") = "AbstractFactory", "AbstractFactory\AbstractFactory.csproj", "{FAD92BC4-7991-42C3-B5E4-E7E6F4C915DA}"
EndProject
Project("{FAE04EC0-301F-11D3-BF4B-00C04F79EFBC}") = "ExerciseFactory", "ExerciseFactory\ExerciseFactory.csproj", "{8D2C14A9-7767-4A88-9CB7-B724DE5B0C2B}"
EndProject
Project("{2150E333-8FDC-42A3-9474-1A3956D46DE8}") = "Solution Items", "Solution Items", "{CAA1A9F7-B316-4316-880D-30E0A5006E0E}"
	ProjectSection(SolutionItems) = preProject
		README.md = README.md
	EndProjectSection
EndProject
Project("{FAE04EC0-301F-11D3-BF4B-00C04F79EFBC}") = "Prototype", "Prototype\Prototype.csproj", "{B59E5119-2C96-4238-8C4A-B1BBE566D262}"
EndProject
Project("{FAE04EC0-301F-11D3-BF4B-00C04F79EFBC}") = "PrototypeExercise", "PrototypeExercise\PrototypeExercise.csproj", "{D66DA69B-B9E4-4863-BE1D-829BB1A91138}"
EndProject
Project("{FAE04EC0-301F-11D3-BF4B-00C04F79EFBC}") = "Singleton", "Singleton\Singleton.csproj", "{9A176381-E96B-418B-9F7A-1846EAC999EC}"
EndProject
Project("{FAE04EC0-301F-11D3-BF4B-00C04F79EFBC}") = "MonoState", "MonoState\MonoState.csproj", "{175A07B2-6DA7-4809-8597-51D94CAE6A13}"
EndProject
Project("{FAE04EC0-301F-11D3-BF4B-00C04F79EFBC}") = "SingletonExercise", "SingletonExercise\SingletonExercise.csproj", "{3090FD3A-1DDF-478D-A847-222A5D26370B}"
EndProject
Project("{FAE04EC0-301F-11D3-BF4B-00C04F79EFBC}") = "Adapter", "Adapter\Adapter.csproj", "{73D29BD4-C79C-4266-BF96-5057D388CF97}"
EndProject
Project("{FAE04EC0-301F-11D3-BF4B-00C04F79EFBC}") = "GenericValueAdapter", "GenericValueAdapter\GenericValueAdapter.csproj", "{CBCB0ABF-1885-4FDD-BA16-76EA885C6152}"
EndProject
Project("{FAE04EC0-301F-11D3-BF4B-00C04F79EFBC}") = "AdapterDependencyInjection", "AdapterDependencyInjection\AdapterDependencyInjection.csproj", "{D07AED67-3FB8-44C5-AA83-D606F0BF8706}"
EndProject
Project("{FAE04EC0-301F-11D3-BF4B-00C04F79EFBC}") = "AdapterExcercise", "AdapterExcercise\AdapterExcercise.csproj", "{BC05D0E6-60A8-452F-95AD-6B825D9C465F}"
EndProject
Global
	GlobalSection(SolutionConfigurationPlatforms) = preSolution
		Debug|Any CPU = Debug|Any CPU
		Release|Any CPU = Release|Any CPU
	EndGlobalSection
	GlobalSection(ProjectConfigurationPlatforms) = postSolution
		{508E8B80-4A90-473D-B436-DCBB7C831639}.Debug|Any CPU.ActiveCfg = Debug|Any CPU
		{508E8B80-4A90-473D-B436-DCBB7C831639}.Debug|Any CPU.Build.0 = Debug|Any CPU
		{508E8B80-4A90-473D-B436-DCBB7C831639}.Release|Any CPU.ActiveCfg = Release|Any CPU
		{508E8B80-4A90-473D-B436-DCBB7C831639}.Release|Any CPU.Build.0 = Release|Any CPU
		{43682CD8-86E5-438B-AE68-E9AC07E110BD}.Debug|Any CPU.ActiveCfg = Debug|Any CPU
		{43682CD8-86E5-438B-AE68-E9AC07E110BD}.Debug|Any CPU.Build.0 = Debug|Any CPU
		{43682CD8-86E5-438B-AE68-E9AC07E110BD}.Release|Any CPU.ActiveCfg = Release|Any CPU
		{43682CD8-86E5-438B-AE68-E9AC07E110BD}.Release|Any CPU.Build.0 = Release|Any CPU
		{8DFC5F9E-F07A-4F6A-AA28-AD5B7B01C5A0}.Debug|Any CPU.ActiveCfg = Debug|Any CPU
		{8DFC5F9E-F07A-4F6A-AA28-AD5B7B01C5A0}.Debug|Any CPU.Build.0 = Debug|Any CPU
		{8DFC5F9E-F07A-4F6A-AA28-AD5B7B01C5A0}.Release|Any CPU.ActiveCfg = Release|Any CPU
		{8DFC5F9E-F07A-4F6A-AA28-AD5B7B01C5A0}.Release|Any CPU.Build.0 = Release|Any CPU
		{1C649F1B-3357-48AE-9D19-F69705912038}.Debug|Any CPU.ActiveCfg = Debug|Any CPU
		{1C649F1B-3357-48AE-9D19-F69705912038}.Debug|Any CPU.Build.0 = Debug|Any CPU
		{1C649F1B-3357-48AE-9D19-F69705912038}.Release|Any CPU.ActiveCfg = Release|Any CPU
		{1C649F1B-3357-48AE-9D19-F69705912038}.Release|Any CPU.Build.0 = Release|Any CPU
		{C9C4DD75-EAF7-437B-96F2-31CCC14E7738}.Debug|Any CPU.ActiveCfg = Debug|Any CPU
		{C9C4DD75-EAF7-437B-96F2-31CCC14E7738}.Debug|Any CPU.Build.0 = Debug|Any CPU
		{C9C4DD75-EAF7-437B-96F2-31CCC14E7738}.Release|Any CPU.ActiveCfg = Release|Any CPU
		{C9C4DD75-EAF7-437B-96F2-31CCC14E7738}.Release|Any CPU.Build.0 = Release|Any CPU
		{EF92E59A-E09F-4880-8E86-5EEEA3BCAB2B}.Debug|Any CPU.ActiveCfg = Debug|Any CPU
		{EF92E59A-E09F-4880-8E86-5EEEA3BCAB2B}.Debug|Any CPU.Build.0 = Debug|Any CPU
		{EF92E59A-E09F-4880-8E86-5EEEA3BCAB2B}.Release|Any CPU.ActiveCfg = Release|Any CPU
		{EF92E59A-E09F-4880-8E86-5EEEA3BCAB2B}.Release|Any CPU.Build.0 = Release|Any CPU
		{3D4D1ADE-49EF-4DCF-97F3-850877D35107}.Debug|Any CPU.ActiveCfg = Debug|Any CPU
		{3D4D1ADE-49EF-4DCF-97F3-850877D35107}.Debug|Any CPU.Build.0 = Debug|Any CPU
		{3D4D1ADE-49EF-4DCF-97F3-850877D35107}.Release|Any CPU.ActiveCfg = Release|Any CPU
		{3D4D1ADE-49EF-4DCF-97F3-850877D35107}.Release|Any CPU.Build.0 = Release|Any CPU
		{A208AD68-29C6-481F-A0DD-25207C7A9BEC}.Debug|Any CPU.ActiveCfg = Debug|Any CPU
		{A208AD68-29C6-481F-A0DD-25207C7A9BEC}.Debug|Any CPU.Build.0 = Debug|Any CPU
		{A208AD68-29C6-481F-A0DD-25207C7A9BEC}.Release|Any CPU.ActiveCfg = Release|Any CPU
		{A208AD68-29C6-481F-A0DD-25207C7A9BEC}.Release|Any CPU.Build.0 = Release|Any CPU
		{2A2CEAB9-5EFF-4B44-9D09-78FCBE1887E1}.Debug|Any CPU.ActiveCfg = Debug|Any CPU
		{2A2CEAB9-5EFF-4B44-9D09-78FCBE1887E1}.Debug|Any CPU.Build.0 = Debug|Any CPU
		{2A2CEAB9-5EFF-4B44-9D09-78FCBE1887E1}.Release|Any CPU.ActiveCfg = Release|Any CPU
		{2A2CEAB9-5EFF-4B44-9D09-78FCBE1887E1}.Release|Any CPU.Build.0 = Release|Any CPU
		{4FF2F1B6-F0FE-47F8-B036-B3C264C9982E}.Debug|Any CPU.ActiveCfg = Debug|Any CPU
		{4FF2F1B6-F0FE-47F8-B036-B3C264C9982E}.Debug|Any CPU.Build.0 = Debug|Any CPU
		{4FF2F1B6-F0FE-47F8-B036-B3C264C9982E}.Release|Any CPU.ActiveCfg = Release|Any CPU
		{4FF2F1B6-F0FE-47F8-B036-B3C264C9982E}.Release|Any CPU.Build.0 = Release|Any CPU
		{97245540-E00C-4886-9A7E-1106BAF0A06B}.Debug|Any CPU.ActiveCfg = Debug|Any CPU
		{97245540-E00C-4886-9A7E-1106BAF0A06B}.Debug|Any CPU.Build.0 = Debug|Any CPU
		{97245540-E00C-4886-9A7E-1106BAF0A06B}.Release|Any CPU.ActiveCfg = Release|Any CPU
		{97245540-E00C-4886-9A7E-1106BAF0A06B}.Release|Any CPU.Build.0 = Release|Any CPU
		{FAD92BC4-7991-42C3-B5E4-E7E6F4C915DA}.Debug|Any CPU.ActiveCfg = Debug|Any CPU
		{FAD92BC4-7991-42C3-B5E4-E7E6F4C915DA}.Debug|Any CPU.Build.0 = Debug|Any CPU
		{FAD92BC4-7991-42C3-B5E4-E7E6F4C915DA}.Release|Any CPU.ActiveCfg = Release|Any CPU
		{FAD92BC4-7991-42C3-B5E4-E7E6F4C915DA}.Release|Any CPU.Build.0 = Release|Any CPU
		{8D2C14A9-7767-4A88-9CB7-B724DE5B0C2B}.Debug|Any CPU.ActiveCfg = Debug|Any CPU
		{8D2C14A9-7767-4A88-9CB7-B724DE5B0C2B}.Debug|Any CPU.Build.0 = Debug|Any CPU
		{8D2C14A9-7767-4A88-9CB7-B724DE5B0C2B}.Release|Any CPU.ActiveCfg = Release|Any CPU
		{8D2C14A9-7767-4A88-9CB7-B724DE5B0C2B}.Release|Any CPU.Build.0 = Release|Any CPU
		{B59E5119-2C96-4238-8C4A-B1BBE566D262}.Debug|Any CPU.ActiveCfg = Debug|Any CPU
		{B59E5119-2C96-4238-8C4A-B1BBE566D262}.Debug|Any CPU.Build.0 = Debug|Any CPU
		{B59E5119-2C96-4238-8C4A-B1BBE566D262}.Release|Any CPU.ActiveCfg = Release|Any CPU
		{B59E5119-2C96-4238-8C4A-B1BBE566D262}.Release|Any CPU.Build.0 = Release|Any CPU
		{D66DA69B-B9E4-4863-BE1D-829BB1A91138}.Debug|Any CPU.ActiveCfg = Debug|Any CPU
		{D66DA69B-B9E4-4863-BE1D-829BB1A91138}.Debug|Any CPU.Build.0 = Debug|Any CPU
		{D66DA69B-B9E4-4863-BE1D-829BB1A91138}.Release|Any CPU.ActiveCfg = Release|Any CPU
		{D66DA69B-B9E4-4863-BE1D-829BB1A91138}.Release|Any CPU.Build.0 = Release|Any CPU
		{9A176381-E96B-418B-9F7A-1846EAC999EC}.Debug|Any CPU.ActiveCfg = Debug|Any CPU
		{9A176381-E96B-418B-9F7A-1846EAC999EC}.Debug|Any CPU.Build.0 = Debug|Any CPU
		{9A176381-E96B-418B-9F7A-1846EAC999EC}.Release|Any CPU.ActiveCfg = Release|Any CPU
		{9A176381-E96B-418B-9F7A-1846EAC999EC}.Release|Any CPU.Build.0 = Release|Any CPU
		{175A07B2-6DA7-4809-8597-51D94CAE6A13}.Debug|Any CPU.ActiveCfg = Debug|Any CPU
		{175A07B2-6DA7-4809-8597-51D94CAE6A13}.Debug|Any CPU.Build.0 = Debug|Any CPU
		{175A07B2-6DA7-4809-8597-51D94CAE6A13}.Release|Any CPU.ActiveCfg = Release|Any CPU
		{175A07B2-6DA7-4809-8597-51D94CAE6A13}.Release|Any CPU.Build.0 = Release|Any CPU
		{3090FD3A-1DDF-478D-A847-222A5D26370B}.Debug|Any CPU.ActiveCfg = Debug|Any CPU
		{3090FD3A-1DDF-478D-A847-222A5D26370B}.Debug|Any CPU.Build.0 = Debug|Any CPU
		{3090FD3A-1DDF-478D-A847-222A5D26370B}.Release|Any CPU.ActiveCfg = Release|Any CPU
		{3090FD3A-1DDF-478D-A847-222A5D26370B}.Release|Any CPU.Build.0 = Release|Any CPU
		{73D29BD4-C79C-4266-BF96-5057D388CF97}.Debug|Any CPU.ActiveCfg = Debug|Any CPU
		{73D29BD4-C79C-4266-BF96-5057D388CF97}.Debug|Any CPU.Build.0 = Debug|Any CPU
		{73D29BD4-C79C-4266-BF96-5057D388CF97}.Release|Any CPU.ActiveCfg = Release|Any CPU
		{73D29BD4-C79C-4266-BF96-5057D388CF97}.Release|Any CPU.Build.0 = Release|Any CPU
		{CBCB0ABF-1885-4FDD-BA16-76EA885C6152}.Debug|Any CPU.ActiveCfg = Debug|Any CPU
		{CBCB0ABF-1885-4FDD-BA16-76EA885C6152}.Debug|Any CPU.Build.0 = Debug|Any CPU
		{CBCB0ABF-1885-4FDD-BA16-76EA885C6152}.Release|Any CPU.ActiveCfg = Release|Any CPU
		{CBCB0ABF-1885-4FDD-BA16-76EA885C6152}.Release|Any CPU.Build.0 = Release|Any CPU
		{D07AED67-3FB8-44C5-AA83-D606F0BF8706}.Debug|Any CPU.ActiveCfg = Debug|Any CPU
		{D07AED67-3FB8-44C5-AA83-D606F0BF8706}.Debug|Any CPU.Build.0 = Debug|Any CPU
		{D07AED67-3FB8-44C5-AA83-D606F0BF8706}.Release|Any CPU.ActiveCfg = Release|Any CPU
		{D07AED67-3FB8-44C5-AA83-D606F0BF8706}.Release|Any CPU.Build.0 = Release|Any CPU
		{BC05D0E6-60A8-452F-95AD-6B825D9C465F}.Debug|Any CPU.ActiveCfg = Debug|Any CPU
		{BC05D0E6-60A8-452F-95AD-6B825D9C465F}.Debug|Any CPU.Build.0 = Debug|Any CPU
		{BC05D0E6-60A8-452F-95AD-6B825D9C465F}.Release|Any CPU.ActiveCfg = Release|Any CPU
		{BC05D0E6-60A8-452F-95AD-6B825D9C465F}.Release|Any CPU.Build.0 = Release|Any CPU
	EndGlobalSection
	GlobalSection(SolutionProperties) = preSolution
		HideSolutionNode = FALSE
	EndGlobalSection
	GlobalSection(ExtensibilityGlobals) = postSolution
		SolutionGuid = {CC820DCC-1BC4-4B20-AB9F-2F7048B4629C}
	EndGlobalSection
EndGlobal
