
Microsoft Visual Studio Solution File, Format Version 12.00
# Visual Studio 15
VisualStudioVersion = 15.0.27130.2010
MinimumVisualStudioVersion = 10.0.40219.1
Project("{FAE04EC0-301F-11D3-BF4B-00C04F79EFBC}") = "ConsoleApp", "ConsoleApp\ConsoleApp.csproj", "{F3AD98D6-49A7-4238-8608-9BA7C6BBD4B6}"
EndProject
Project("{FAE04EC0-301F-11D3-BF4B-00C04F79EFBC}") = "SOLID-OCP", "SOLID-OCP\SOLID-OCP.csproj", "{43682CD8-86E5-438B-AE68-E9AC07E110BD}"
EndProject
Global
	GlobalSection(SolutionConfigurationPlatforms) = preSolution
		Debug|Any CPU = Debug|Any CPU
		Release|Any CPU = Release|Any CPU
	EndGlobalSection
	GlobalSection(ProjectConfigurationPlatforms) = postSolution
		{F3AD98D6-49A7-4238-8608-9BA7C6BBD4B6}.Debug|Any CPU.ActiveCfg = Debug|Any CPU
		{F3AD98D6-49A7-4238-8608-9BA7C6BBD4B6}.Debug|Any CPU.Build.0 = Debug|Any CPU
		{F3AD98D6-49A7-4238-8608-9BA7C6BBD4B6}.Release|Any CPU.ActiveCfg = Release|Any CPU
		{F3AD98D6-49A7-4238-8608-9BA7C6BBD4B6}.Release|Any CPU.Build.0 = Release|Any CPU
		{43682CD8-86E5-438B-AE68-E9AC07E110BD}.Debug|Any CPU.ActiveCfg = Debug|Any CPU
		{43682CD8-86E5-438B-AE68-E9AC07E110BD}.Debug|Any CPU.Build.0 = Debug|Any CPU
		{43682CD8-86E5-438B-AE68-E9AC07E110BD}.Release|Any CPU.ActiveCfg = Release|Any CPU
		{43682CD8-86E5-438B-AE68-E9AC07E110BD}.Release|Any CPU.Build.0 = Release|Any CPU
	EndGlobalSection
	GlobalSection(SolutionProperties) = preSolution
		HideSolutionNode = FALSE
	EndGlobalSection
	GlobalSection(ExtensibilityGlobals) = postSolution
		SolutionGuid = {CC820DCC-1BC4-4B20-AB9F-2F7048B4629C}
	EndGlobalSection
EndGlobal
