
Microsoft Visual Studio Solution File, Format Version 12.00
# Visual Studio Version 16
VisualStudioVersion = 16.0.30011.22
MinimumVisualStudioVersion = 10.0.40219.1
Project("{FAE04EC0-301F-11D3-BF4B-00C04F79EFBC}") = "SOLID-SRP", "SOLID-SRP\SOLID-SRP.csproj", "{508E8B80-4A90-473D-B436-DCBB7C831639}"
EndProject
Project("{FAE04EC0-301F-11D3-BF4B-00C04F79EFBC}") = "SOLID-OCP", "SOLID-OCP\SOLID-OCP.csproj", "{43682CD8-86E5-438B-AE68-E9AC07E110BD}"
EndProject
Project("{FAE04EC0-301F-11D3-BF4B-00C04F79EFBC}") = "SOLID-LSP", "SOLID-LSP\SOLID-LSP.csproj", "{8DFC5F9E-F07A-4F6A-AA28-AD5B7B01C5A0}"
EndProject
Project("{FAE04EC0-301F-11D3-BF4B-00C04F79EFBC}") = "SOLID-ISP", "SOLID-ISP\SOLID-ISP.csproj", "{1C649F1B-3357-48AE-9D19-F69705912038}"
EndProject
Project("{FAE04EC0-301F-11D3-BF4B-00C04F79EFBC}") = "SOLID-DIP", "SOLID-DIP\SOLID-DIP.csproj", "{C9C4DD75-EAF7-437B-96F2-31CCC14E7738}"
EndProject
Project("{FAE04EC0-301F-11D3-BF4B-00C04F79EFBC}") = "Builder", "Builder\Builder.csproj", "{EF92E59A-E09F-4880-8E86-5EEEA3BCAB2B}"
EndProject
Project("{FAE04EC0-301F-11D3-BF4B-00C04F79EFBC}") = "BuilderAdvanced", "BuilderAdvanced\BuilderAdvanced.csproj", "{3D4D1ADE-49EF-4DCF-97F3-850877D35107}"
EndProject
Project("{FAE04EC0-301F-11D3-BF4B-00C04F79EFBC}") = "BuilderExtensions", "BuilderExtensions\BuilderExtensions.csproj", "{A208AD68-29C6-481F-A0DD-25207C7A9BEC}"
EndProject
Project("{FAE04EC0-301F-11D3-BF4B-00C04F79EFBC}") = "ExcerciseBuilder", "ExcerciseBuilder\ExcerciseBuilder.csproj", "{2A2CEAB9-5EFF-4B44-9D09-78FCBE1887E1}"
EndProject
Project("{FAE04EC0-301F-11D3-BF4B-00C04F79EFBC}") = "Factory", "Factory\Factory.csproj", "{4FF2F1B6-F0FE-47F8-B036-B3C264C9982E}"
EndProject
Project("{FAE04EC0-301F-11D3-BF4B-00C04F79EFBC}") = "FactoryAsynchronous", "FactoryAsynchronous\FactoryAsynchronous.csproj", "{97245540-E00C-4886-9A7E-1106BAF0A06B}"
EndProject
Project("{FAE04EC0-301F-11D3-BF4B-00C04F79EFBC}") = "AbstractFactory", "AbstractFactory\AbstractFactory.csproj", "{FAD92BC4-7991-42C3-B5E4-E7E6F4C915DA}"
EndProject
Project("{FAE04EC0-301F-11D3-BF4B-00C04F79EFBC}") = "ExerciseFactory", "ExerciseFactory\ExerciseFactory.csproj", "{8D2C14A9-7767-4A88-9CB7-B724DE5B0C2B}"
EndProject
Project("{2150E333-8FDC-42A3-9474-1A3956D46DE8}") = "Solution Items", "Solution Items", "{CAA1A9F7-B316-4316-880D-30E0A5006E0E}"
	ProjectSection(SolutionItems) = preProject
		README.md = README.md
	EndProjectSection
EndProject
Project("{FAE04EC0-301F-11D3-BF4B-00C04F79EFBC}") = "Prototype", "Prototype\Prototype.csproj", "{B59E5119-2C96-4238-8C4A-B1BBE566D262}"
EndProject
Project("{FAE04EC0-301F-11D3-BF4B-00C04F79EFBC}") = "PrototypeExercise", "PrototypeExercise\PrototypeExercise.csproj", "{D66DA69B-B9E4-4863-BE1D-829BB1A91138}"
EndProject
Project("{FAE04EC0-301F-11D3-BF4B-00C04F79EFBC}") = "MonoState", "MonoState\MonoState.csproj", "{175A07B2-6DA7-4809-8597-51D94CAE6A13}"
EndProject
Project("{FAE04EC0-301F-11D3-BF4B-00C04F79EFBC}") = "Adapter", "Adapter\Adapter.csproj", "{73D29BD4-C79C-4266-BF96-5057D388CF97}"
EndProject
Project("{FAE04EC0-301F-11D3-BF4B-00C04F79EFBC}") = "GenericValueAdapter", "GenericValueAdapter\GenericValueAdapter.csproj", "{CBCB0ABF-1885-4FDD-BA16-76EA885C6152}"
EndProject
Project("{FAE04EC0-301F-11D3-BF4B-00C04F79EFBC}") = "AdapterDependencyInjection", "AdapterDependencyInjection\AdapterDependencyInjection.csproj", "{D07AED67-3FB8-44C5-AA83-D606F0BF8706}"
EndProject
Project("{FAE04EC0-301F-11D3-BF4B-00C04F79EFBC}") = "AdapterExcercise", "AdapterExcercise\AdapterExcercise.csproj", "{BC05D0E6-60A8-452F-95AD-6B825D9C465F}"
EndProject
Project("{FAE04EC0-301F-11D3-BF4B-00C04F79EFBC}") = "Bridge", "Bridge\Bridge.csproj", "{8CECC9AE-4097-4BD9-8A40-03950E83FD37}"
EndProject
Project("{FAE04EC0-301F-11D3-BF4B-00C04F79EFBC}") = "BridgeExercise", "BridgeExercise\BridgeExercise.csproj", "{D4F666F7-EBB0-41E2-99F1-38B742F47262}"
EndProject
Project("{FAE04EC0-301F-11D3-BF4B-00C04F79EFBC}") = "Composite", "Composite\Composite.csproj", "{C9CA3D2C-D22A-4716-86AB-B77B2ED684E2}"
EndProject
Project("{FAE04EC0-301F-11D3-BF4B-00C04F79EFBC}") = "CompositeNeuralNetworks", "CompositeNeuralNetworks\CompositeNeuralNetworks.csproj", "{A1A546B3-B454-433F-B748-74CE2665208E}"
EndProject
Project("{FAE04EC0-301F-11D3-BF4B-00C04F79EFBC}") = "CompositeSpecification", "CompositeSpecification\CompositeSpecification.csproj", "{F16C517A-2F85-4EF0-B35A-262C3B793903}"
EndProject
Project("{FAE04EC0-301F-11D3-BF4B-00C04F79EFBC}") = "CompositeExercise", "CompositeExercise\CompositeExercise.csproj", "{E0751A2E-C4C6-4976-B7F7-36C4AE69BFAB}"
EndProject
Project("{FAE04EC0-301F-11D3-BF4B-00C04F79EFBC}") = "Decorator", "Decorator\Decorator.csproj", "{BEA54032-3B2A-4BFC-AB39-B1F2C3A991DB}"
EndProject
Project("{FAE04EC0-301F-11D3-BF4B-00C04F79EFBC}") = "AdapterDecorator", "AdapterDecorator\AdapterDecorator.csproj", "{2F7D59E1-7B53-4B68-B8CD-D741F1C2E2D8}"
EndProject
Project("{FAE04EC0-301F-11D3-BF4B-00C04F79EFBC}") = "DecoratorMultipleInheritanceWithInterfaces", "DecoratorMultipleInheritanceWithInterfaces\DecoratorMultipleInheritanceWithInterfaces.csproj", "{AD4A07F3-3252-426F-A357-C3B5B9F98946}"
EndProject
Project("{FAE04EC0-301F-11D3-BF4B-00C04F79EFBC}") = "DecoratorCreature", "DecoratorCreature\DecoratorCreature.csproj", "{D34D8B33-FDC8-46CB-9333-2E744977032E}"
EndProject
Project("{FAE04EC0-301F-11D3-BF4B-00C04F79EFBC}") = "DecoratorDynamicComposition", "DynamicDecoratorComposition\DecoratorDynamicComposition.csproj", "{C46A68D6-6560-4C39-9E6D-79E9C382F446}"
EndProject
Project("{9A19103F-16F7-4668-BE54-9A1E7A4F7556}") = "DecoratorCreatureNetCore", "DecoratorCreatureNetCore\DecoratorCreatureNetCore.csproj", "{09E64345-DD14-46C3-9325-EDA49BA12964}"
EndProject
Project("{9A19103F-16F7-4668-BE54-9A1E7A4F7556}") = "Singleton", "Singleton\Singleton.csproj", "{898D4479-ADC5-46B2-A90E-D64C63D138A6}"
EndProject
Project("{9A19103F-16F7-4668-BE54-9A1E7A4F7556}") = "DecoratorStaticComposition", "StaticDecoratorComposition\DecoratorStaticComposition.csproj", "{08DCEE29-8631-4640-861E-BEDD2A27A0EE}"
EndProject
Project("{9A19103F-16F7-4668-BE54-9A1E7A4F7556}") = "DecoratorDependenyInjection", "DecoratorDependenyInjection\DecoratorDependenyInjection.csproj", "{E6A517FD-7B01-41ED-9439-644B609BC85E}"
EndProject
Project("{9A19103F-16F7-4668-BE54-9A1E7A4F7556}") = "DecoratorExercise", "DecoratorExercise\DecoratorExercise.csproj", "{42BE997D-85A4-49AC-9F16-C008F1D7AEB3}"
EndProject
Project("{9A19103F-16F7-4668-BE54-9A1E7A4F7556}") = "Facade", "Facade\Facade.csproj", "{3E419150-31F3-41A9-B91C-E1987DD2656F}"
EndProject
Project("{FAE04EC0-301F-11D3-BF4B-00C04F79EFBC}") = "FlyweightUserNames", "FlyweightUserNames\FlyweightUserNames.csproj", "{1ABB4315-4B2C-4264-8D90-18848394AED0}"
EndProject
Project("{FAE04EC0-301F-11D3-BF4B-00C04F79EFBC}") = "FlyweightUserNames2", "FlyweightUserNames2\FlyweightUserNames2.csproj", "{4D0EDF2C-3871-4FA9-96C2-35DEFF624D00}"
EndProject
Project("{FAE04EC0-301F-11D3-BF4B-00C04F79EFBC}") = "FlyweightUserNames3", "FlyweightUserNames3\FlyweightUserNames3.csproj", "{DB130FCD-04DC-4416-ABDF-B6DBFE899236}"
EndProject
Project("{9A19103F-16F7-4668-BE54-9A1E7A4F7556}") = "FlyweightTextFormatting", "FlyweightTextFormatting\FlyweightTextFormatting.csproj", "{659B5555-8686-4691-911A-CAFB6CC50CC0}"
EndProject
Project("{9A19103F-16F7-4668-BE54-9A1E7A4F7556}") = "FlyweightExercise", "FlyweightExercise\FlyweightExercise.csproj", "{E1A97BB5-97A1-44CE-B161-7D67601C98A4}"
EndProject
Project("{9A19103F-16F7-4668-BE54-9A1E7A4F7556}") = "ProxyProtection", "ProxyProtection\ProxyProtection.csproj", "{CD9AA176-FE56-4287-AABC-6EB626E0FE63}"
EndProject
Project("{9A19103F-16F7-4668-BE54-9A1E7A4F7556}") = "ProxyProperty", "ProxyProperty\ProxyProperty.csproj", "{6E09509F-A806-4199-AB3E-F5FF72DD6F86}"
EndProject
Project("{9A19103F-16F7-4668-BE54-9A1E7A4F7556}") = "ProxyValue", "ProxyValue\ProxyValue.csproj", "{57F0C8AD-59D5-4856-ADA6-F1D8BDFFECA3}"
EndProject
Project("{9A19103F-16F7-4668-BE54-9A1E7A4F7556}") = "ProxyComposite", "ProxyComposite\ProxyComposite.csproj", "{1601ED9C-1F5F-4173-BFF9-579F066636DA}"
EndProject
Project("{9A19103F-16F7-4668-BE54-9A1E7A4F7556}") = "ProxyCompositionWithArrayBackedProperties", "ProxyCompositionWithArrayBackedProperties\ProxyCompositionWithArrayBackedProperties.csproj", "{1731778B-1A99-48C1-809F-EA73C14626B7}"
EndProject
Project("{9A19103F-16F7-4668-BE54-9A1E7A4F7556}") = "ProxyDynamic", "ProxyDynamci\ProxyDynamic.csproj", "{6252BAE7-A6CF-4421-8D0F-0E7257D2A882}"
EndProject
Project("{9A19103F-16F7-4668-BE54-9A1E7A4F7556}") = "ProxyExercise", "ProxyExercise\ProxyExercise.csproj", "{1840D12D-68A2-492D-AD66-F515D48D358A}"
EndProject
Project("{9A19103F-16F7-4668-BE54-9A1E7A4F7556}") = "ProxyBitFragging", "ProxyBitFragging\ProxyBitFragging.csproj", "{25F036B0-379B-4811-BAC7-01ED816F7D51}"
EndProject
Project("{9A19103F-16F7-4668-BE54-9A1E7A4F7556}") = "ChainMethod", "ChainMethod\ChainMethod.csproj", "{A01A1F5E-7B81-404C-85E3-FA7FE2887E20}"
EndProject
Project("{9A19103F-16F7-4668-BE54-9A1E7A4F7556}") = "ChainBroker", "ChainBroker\ChainBroker.csproj", "{4E4FA09E-BBA8-4A41-BC10-38148F8EC890}"
EndProject
Project("{9A19103F-16F7-4668-BE54-9A1E7A4F7556}") = "ChainExercise", "ChainExercise\ChainExercise.csproj", "{1CEA6F2B-5044-4337-BE08-12817CAD9937}"
EndProject
Project("{9A19103F-16F7-4668-BE54-9A1E7A4F7556}") = "Command", "Command\Command.csproj", "{74AB5100-68FE-425F-A32E-B999477E4180}"
EndProject
Project("{9A19103F-16F7-4668-BE54-9A1E7A4F7556}") = "CommandComposite", "CommandComposite\CommandComposite.csproj", "{D3514EAE-52A3-4EA5-892A-4BA0C05DC669}"
EndProject
Project("{9A19103F-16F7-4668-BE54-9A1E7A4F7556}") = "CommandExercise", "CommandExercise\CommandExercise.csproj", "{BCDA5ADB-C39D-4666-99F1-C5BF0BD1C304}"
EndProject
Project("{9A19103F-16F7-4668-BE54-9A1E7A4F7556}") = "Interpreter", "Interpreter\Interpreter.csproj", "{1F09D1AB-17AF-46E1-AC09-C2DE32FD639B}"
EndProject
Project("{9A19103F-16F7-4668-BE54-9A1E7A4F7556}") = "InterpreterExercise", "InterpreterExercise\InterpreterExercise.csproj", "{7FCFC909-DFD9-471B-B235-10E73D0BB035}"
EndProject
Project("{9A19103F-16F7-4668-BE54-9A1E7A4F7556}") = "InterpreterExercise2", "InterpreterExercise2\InterpreterExercise2.csproj", "{FD155899-C73A-4D90-A776-04AD0DEFCDA7}"
EndProject
Project("{FAE04EC0-301F-11D3-BF4B-00C04F79EFBC}") = "Iterator", "Iterator\Iterator.csproj", "{69273BAE-4A96-43E8-8BE1-1C79C510B195}"
EndProject
Project("{FAE04EC0-301F-11D3-BF4B-00C04F79EFBC}") = "IteratorArrayBackedProperties", "IteratorArrayBackedProperties\IteratorArrayBackedProperties.csproj", "{22C4EE53-4C7C-4D63-985E-DE8D216C9347}"
EndProject
Global
	GlobalSection(SolutionConfigurationPlatforms) = preSolution
		Debug|Any CPU = Debug|Any CPU
		Release|Any CPU = Release|Any CPU
	EndGlobalSection
	GlobalSection(ProjectConfigurationPlatforms) = postSolution
		{508E8B80-4A90-473D-B436-DCBB7C831639}.Debug|Any CPU.ActiveCfg = Debug|Any CPU
		{508E8B80-4A90-473D-B436-DCBB7C831639}.Debug|Any CPU.Build.0 = Debug|Any CPU
		{508E8B80-4A90-473D-B436-DCBB7C831639}.Release|Any CPU.ActiveCfg = Release|Any CPU
		{508E8B80-4A90-473D-B436-DCBB7C831639}.Release|Any CPU.Build.0 = Release|Any CPU
		{43682CD8-86E5-438B-AE68-E9AC07E110BD}.Debug|Any CPU.ActiveCfg = Debug|Any CPU
		{43682CD8-86E5-438B-AE68-E9AC07E110BD}.Debug|Any CPU.Build.0 = Debug|Any CPU
		{43682CD8-86E5-438B-AE68-E9AC07E110BD}.Release|Any CPU.ActiveCfg = Release|Any CPU
		{43682CD8-86E5-438B-AE68-E9AC07E110BD}.Release|Any CPU.Build.0 = Release|Any CPU
		{8DFC5F9E-F07A-4F6A-AA28-AD5B7B01C5A0}.Debug|Any CPU.ActiveCfg = Debug|Any CPU
		{8DFC5F9E-F07A-4F6A-AA28-AD5B7B01C5A0}.Debug|Any CPU.Build.0 = Debug|Any CPU
		{8DFC5F9E-F07A-4F6A-AA28-AD5B7B01C5A0}.Release|Any CPU.ActiveCfg = Release|Any CPU
		{8DFC5F9E-F07A-4F6A-AA28-AD5B7B01C5A0}.Release|Any CPU.Build.0 = Release|Any CPU
		{1C649F1B-3357-48AE-9D19-F69705912038}.Debug|Any CPU.ActiveCfg = Debug|Any CPU
		{1C649F1B-3357-48AE-9D19-F69705912038}.Debug|Any CPU.Build.0 = Debug|Any CPU
		{1C649F1B-3357-48AE-9D19-F69705912038}.Release|Any CPU.ActiveCfg = Release|Any CPU
		{1C649F1B-3357-48AE-9D19-F69705912038}.Release|Any CPU.Build.0 = Release|Any CPU
		{C9C4DD75-EAF7-437B-96F2-31CCC14E7738}.Debug|Any CPU.ActiveCfg = Debug|Any CPU
		{C9C4DD75-EAF7-437B-96F2-31CCC14E7738}.Debug|Any CPU.Build.0 = Debug|Any CPU
		{C9C4DD75-EAF7-437B-96F2-31CCC14E7738}.Release|Any CPU.ActiveCfg = Release|Any CPU
		{C9C4DD75-EAF7-437B-96F2-31CCC14E7738}.Release|Any CPU.Build.0 = Release|Any CPU
		{EF92E59A-E09F-4880-8E86-5EEEA3BCAB2B}.Debug|Any CPU.ActiveCfg = Debug|Any CPU
		{EF92E59A-E09F-4880-8E86-5EEEA3BCAB2B}.Debug|Any CPU.Build.0 = Debug|Any CPU
		{EF92E59A-E09F-4880-8E86-5EEEA3BCAB2B}.Release|Any CPU.ActiveCfg = Release|Any CPU
		{EF92E59A-E09F-4880-8E86-5EEEA3BCAB2B}.Release|Any CPU.Build.0 = Release|Any CPU
		{3D4D1ADE-49EF-4DCF-97F3-850877D35107}.Debug|Any CPU.ActiveCfg = Debug|Any CPU
		{3D4D1ADE-49EF-4DCF-97F3-850877D35107}.Debug|Any CPU.Build.0 = Debug|Any CPU
		{3D4D1ADE-49EF-4DCF-97F3-850877D35107}.Release|Any CPU.ActiveCfg = Release|Any CPU
		{3D4D1ADE-49EF-4DCF-97F3-850877D35107}.Release|Any CPU.Build.0 = Release|Any CPU
		{A208AD68-29C6-481F-A0DD-25207C7A9BEC}.Debug|Any CPU.ActiveCfg = Debug|Any CPU
		{A208AD68-29C6-481F-A0DD-25207C7A9BEC}.Debug|Any CPU.Build.0 = Debug|Any CPU
		{A208AD68-29C6-481F-A0DD-25207C7A9BEC}.Release|Any CPU.ActiveCfg = Release|Any CPU
		{A208AD68-29C6-481F-A0DD-25207C7A9BEC}.Release|Any CPU.Build.0 = Release|Any CPU
		{2A2CEAB9-5EFF-4B44-9D09-78FCBE1887E1}.Debug|Any CPU.ActiveCfg = Debug|Any CPU
		{2A2CEAB9-5EFF-4B44-9D09-78FCBE1887E1}.Debug|Any CPU.Build.0 = Debug|Any CPU
		{2A2CEAB9-5EFF-4B44-9D09-78FCBE1887E1}.Release|Any CPU.ActiveCfg = Release|Any CPU
		{2A2CEAB9-5EFF-4B44-9D09-78FCBE1887E1}.Release|Any CPU.Build.0 = Release|Any CPU
		{4FF2F1B6-F0FE-47F8-B036-B3C264C9982E}.Debug|Any CPU.ActiveCfg = Debug|Any CPU
		{4FF2F1B6-F0FE-47F8-B036-B3C264C9982E}.Debug|Any CPU.Build.0 = Debug|Any CPU
		{4FF2F1B6-F0FE-47F8-B036-B3C264C9982E}.Release|Any CPU.ActiveCfg = Release|Any CPU
		{4FF2F1B6-F0FE-47F8-B036-B3C264C9982E}.Release|Any CPU.Build.0 = Release|Any CPU
		{97245540-E00C-4886-9A7E-1106BAF0A06B}.Debug|Any CPU.ActiveCfg = Debug|Any CPU
		{97245540-E00C-4886-9A7E-1106BAF0A06B}.Debug|Any CPU.Build.0 = Debug|Any CPU
		{97245540-E00C-4886-9A7E-1106BAF0A06B}.Release|Any CPU.ActiveCfg = Release|Any CPU
		{97245540-E00C-4886-9A7E-1106BAF0A06B}.Release|Any CPU.Build.0 = Release|Any CPU
		{FAD92BC4-7991-42C3-B5E4-E7E6F4C915DA}.Debug|Any CPU.ActiveCfg = Debug|Any CPU
		{FAD92BC4-7991-42C3-B5E4-E7E6F4C915DA}.Debug|Any CPU.Build.0 = Debug|Any CPU
		{FAD92BC4-7991-42C3-B5E4-E7E6F4C915DA}.Release|Any CPU.ActiveCfg = Release|Any CPU
		{FAD92BC4-7991-42C3-B5E4-E7E6F4C915DA}.Release|Any CPU.Build.0 = Release|Any CPU
		{8D2C14A9-7767-4A88-9CB7-B724DE5B0C2B}.Debug|Any CPU.ActiveCfg = Debug|Any CPU
		{8D2C14A9-7767-4A88-9CB7-B724DE5B0C2B}.Debug|Any CPU.Build.0 = Debug|Any CPU
		{8D2C14A9-7767-4A88-9CB7-B724DE5B0C2B}.Release|Any CPU.ActiveCfg = Release|Any CPU
		{8D2C14A9-7767-4A88-9CB7-B724DE5B0C2B}.Release|Any CPU.Build.0 = Release|Any CPU
		{B59E5119-2C96-4238-8C4A-B1BBE566D262}.Debug|Any CPU.ActiveCfg = Debug|Any CPU
		{B59E5119-2C96-4238-8C4A-B1BBE566D262}.Debug|Any CPU.Build.0 = Debug|Any CPU
		{B59E5119-2C96-4238-8C4A-B1BBE566D262}.Release|Any CPU.ActiveCfg = Release|Any CPU
		{B59E5119-2C96-4238-8C4A-B1BBE566D262}.Release|Any CPU.Build.0 = Release|Any CPU
		{D66DA69B-B9E4-4863-BE1D-829BB1A91138}.Debug|Any CPU.ActiveCfg = Debug|Any CPU
		{D66DA69B-B9E4-4863-BE1D-829BB1A91138}.Debug|Any CPU.Build.0 = Debug|Any CPU
		{D66DA69B-B9E4-4863-BE1D-829BB1A91138}.Release|Any CPU.ActiveCfg = Release|Any CPU
		{D66DA69B-B9E4-4863-BE1D-829BB1A91138}.Release|Any CPU.Build.0 = Release|Any CPU
		{175A07B2-6DA7-4809-8597-51D94CAE6A13}.Debug|Any CPU.ActiveCfg = Debug|Any CPU
		{175A07B2-6DA7-4809-8597-51D94CAE6A13}.Debug|Any CPU.Build.0 = Debug|Any CPU
		{175A07B2-6DA7-4809-8597-51D94CAE6A13}.Release|Any CPU.ActiveCfg = Release|Any CPU
		{175A07B2-6DA7-4809-8597-51D94CAE6A13}.Release|Any CPU.Build.0 = Release|Any CPU
		{73D29BD4-C79C-4266-BF96-5057D388CF97}.Debug|Any CPU.ActiveCfg = Debug|Any CPU
		{73D29BD4-C79C-4266-BF96-5057D388CF97}.Debug|Any CPU.Build.0 = Debug|Any CPU
		{73D29BD4-C79C-4266-BF96-5057D388CF97}.Release|Any CPU.ActiveCfg = Release|Any CPU
		{73D29BD4-C79C-4266-BF96-5057D388CF97}.Release|Any CPU.Build.0 = Release|Any CPU
		{CBCB0ABF-1885-4FDD-BA16-76EA885C6152}.Debug|Any CPU.ActiveCfg = Debug|Any CPU
		{CBCB0ABF-1885-4FDD-BA16-76EA885C6152}.Debug|Any CPU.Build.0 = Debug|Any CPU
		{CBCB0ABF-1885-4FDD-BA16-76EA885C6152}.Release|Any CPU.ActiveCfg = Release|Any CPU
		{CBCB0ABF-1885-4FDD-BA16-76EA885C6152}.Release|Any CPU.Build.0 = Release|Any CPU
		{D07AED67-3FB8-44C5-AA83-D606F0BF8706}.Debug|Any CPU.ActiveCfg = Debug|Any CPU
		{D07AED67-3FB8-44C5-AA83-D606F0BF8706}.Debug|Any CPU.Build.0 = Debug|Any CPU
		{D07AED67-3FB8-44C5-AA83-D606F0BF8706}.Release|Any CPU.ActiveCfg = Release|Any CPU
		{D07AED67-3FB8-44C5-AA83-D606F0BF8706}.Release|Any CPU.Build.0 = Release|Any CPU
		{BC05D0E6-60A8-452F-95AD-6B825D9C465F}.Debug|Any CPU.ActiveCfg = Debug|Any CPU
		{BC05D0E6-60A8-452F-95AD-6B825D9C465F}.Debug|Any CPU.Build.0 = Debug|Any CPU
		{BC05D0E6-60A8-452F-95AD-6B825D9C465F}.Release|Any CPU.ActiveCfg = Release|Any CPU
		{BC05D0E6-60A8-452F-95AD-6B825D9C465F}.Release|Any CPU.Build.0 = Release|Any CPU
		{8CECC9AE-4097-4BD9-8A40-03950E83FD37}.Debug|Any CPU.ActiveCfg = Debug|Any CPU
		{8CECC9AE-4097-4BD9-8A40-03950E83FD37}.Debug|Any CPU.Build.0 = Debug|Any CPU
		{8CECC9AE-4097-4BD9-8A40-03950E83FD37}.Release|Any CPU.ActiveCfg = Release|Any CPU
		{8CECC9AE-4097-4BD9-8A40-03950E83FD37}.Release|Any CPU.Build.0 = Release|Any CPU
		{D4F666F7-EBB0-41E2-99F1-38B742F47262}.Debug|Any CPU.ActiveCfg = Debug|Any CPU
		{D4F666F7-EBB0-41E2-99F1-38B742F47262}.Debug|Any CPU.Build.0 = Debug|Any CPU
		{D4F666F7-EBB0-41E2-99F1-38B742F47262}.Release|Any CPU.ActiveCfg = Release|Any CPU
		{D4F666F7-EBB0-41E2-99F1-38B742F47262}.Release|Any CPU.Build.0 = Release|Any CPU
		{C9CA3D2C-D22A-4716-86AB-B77B2ED684E2}.Debug|Any CPU.ActiveCfg = Debug|Any CPU
		{C9CA3D2C-D22A-4716-86AB-B77B2ED684E2}.Debug|Any CPU.Build.0 = Debug|Any CPU
		{C9CA3D2C-D22A-4716-86AB-B77B2ED684E2}.Release|Any CPU.ActiveCfg = Release|Any CPU
		{C9CA3D2C-D22A-4716-86AB-B77B2ED684E2}.Release|Any CPU.Build.0 = Release|Any CPU
		{A1A546B3-B454-433F-B748-74CE2665208E}.Debug|Any CPU.ActiveCfg = Debug|Any CPU
		{A1A546B3-B454-433F-B748-74CE2665208E}.Debug|Any CPU.Build.0 = Debug|Any CPU
		{A1A546B3-B454-433F-B748-74CE2665208E}.Release|Any CPU.ActiveCfg = Release|Any CPU
		{A1A546B3-B454-433F-B748-74CE2665208E}.Release|Any CPU.Build.0 = Release|Any CPU
		{F16C517A-2F85-4EF0-B35A-262C3B793903}.Debug|Any CPU.ActiveCfg = Debug|Any CPU
		{F16C517A-2F85-4EF0-B35A-262C3B793903}.Debug|Any CPU.Build.0 = Debug|Any CPU
		{F16C517A-2F85-4EF0-B35A-262C3B793903}.Release|Any CPU.ActiveCfg = Release|Any CPU
		{F16C517A-2F85-4EF0-B35A-262C3B793903}.Release|Any CPU.Build.0 = Release|Any CPU
		{E0751A2E-C4C6-4976-B7F7-36C4AE69BFAB}.Debug|Any CPU.ActiveCfg = Debug|Any CPU
		{E0751A2E-C4C6-4976-B7F7-36C4AE69BFAB}.Debug|Any CPU.Build.0 = Debug|Any CPU
		{E0751A2E-C4C6-4976-B7F7-36C4AE69BFAB}.Release|Any CPU.ActiveCfg = Release|Any CPU
		{E0751A2E-C4C6-4976-B7F7-36C4AE69BFAB}.Release|Any CPU.Build.0 = Release|Any CPU
		{BEA54032-3B2A-4BFC-AB39-B1F2C3A991DB}.Debug|Any CPU.ActiveCfg = Debug|Any CPU
		{BEA54032-3B2A-4BFC-AB39-B1F2C3A991DB}.Debug|Any CPU.Build.0 = Debug|Any CPU
		{BEA54032-3B2A-4BFC-AB39-B1F2C3A991DB}.Release|Any CPU.ActiveCfg = Release|Any CPU
		{BEA54032-3B2A-4BFC-AB39-B1F2C3A991DB}.Release|Any CPU.Build.0 = Release|Any CPU
		{2F7D59E1-7B53-4B68-B8CD-D741F1C2E2D8}.Debug|Any CPU.ActiveCfg = Debug|Any CPU
		{2F7D59E1-7B53-4B68-B8CD-D741F1C2E2D8}.Debug|Any CPU.Build.0 = Debug|Any CPU
		{2F7D59E1-7B53-4B68-B8CD-D741F1C2E2D8}.Release|Any CPU.ActiveCfg = Release|Any CPU
		{2F7D59E1-7B53-4B68-B8CD-D741F1C2E2D8}.Release|Any CPU.Build.0 = Release|Any CPU
		{AD4A07F3-3252-426F-A357-C3B5B9F98946}.Debug|Any CPU.ActiveCfg = Debug|Any CPU
		{AD4A07F3-3252-426F-A357-C3B5B9F98946}.Debug|Any CPU.Build.0 = Debug|Any CPU
		{AD4A07F3-3252-426F-A357-C3B5B9F98946}.Release|Any CPU.ActiveCfg = Release|Any CPU
		{AD4A07F3-3252-426F-A357-C3B5B9F98946}.Release|Any CPU.Build.0 = Release|Any CPU
		{D34D8B33-FDC8-46CB-9333-2E744977032E}.Debug|Any CPU.ActiveCfg = Debug|Any CPU
		{D34D8B33-FDC8-46CB-9333-2E744977032E}.Debug|Any CPU.Build.0 = Debug|Any CPU
		{D34D8B33-FDC8-46CB-9333-2E744977032E}.Release|Any CPU.ActiveCfg = Release|Any CPU
		{D34D8B33-FDC8-46CB-9333-2E744977032E}.Release|Any CPU.Build.0 = Release|Any CPU
		{C46A68D6-6560-4C39-9E6D-79E9C382F446}.Debug|Any CPU.ActiveCfg = Debug|Any CPU
		{C46A68D6-6560-4C39-9E6D-79E9C382F446}.Debug|Any CPU.Build.0 = Debug|Any CPU
		{C46A68D6-6560-4C39-9E6D-79E9C382F446}.Release|Any CPU.ActiveCfg = Release|Any CPU
		{C46A68D6-6560-4C39-9E6D-79E9C382F446}.Release|Any CPU.Build.0 = Release|Any CPU
		{09E64345-DD14-46C3-9325-EDA49BA12964}.Debug|Any CPU.ActiveCfg = Debug|Any CPU
		{09E64345-DD14-46C3-9325-EDA49BA12964}.Debug|Any CPU.Build.0 = Debug|Any CPU
		{09E64345-DD14-46C3-9325-EDA49BA12964}.Release|Any CPU.ActiveCfg = Release|Any CPU
		{09E64345-DD14-46C3-9325-EDA49BA12964}.Release|Any CPU.Build.0 = Release|Any CPU
		{898D4479-ADC5-46B2-A90E-D64C63D138A6}.Debug|Any CPU.ActiveCfg = Debug|Any CPU
		{898D4479-ADC5-46B2-A90E-D64C63D138A6}.Debug|Any CPU.Build.0 = Debug|Any CPU
		{898D4479-ADC5-46B2-A90E-D64C63D138A6}.Release|Any CPU.ActiveCfg = Release|Any CPU
		{898D4479-ADC5-46B2-A90E-D64C63D138A6}.Release|Any CPU.Build.0 = Release|Any CPU
		{08DCEE29-8631-4640-861E-BEDD2A27A0EE}.Debug|Any CPU.ActiveCfg = Debug|Any CPU
		{08DCEE29-8631-4640-861E-BEDD2A27A0EE}.Debug|Any CPU.Build.0 = Debug|Any CPU
		{08DCEE29-8631-4640-861E-BEDD2A27A0EE}.Release|Any CPU.ActiveCfg = Release|Any CPU
		{08DCEE29-8631-4640-861E-BEDD2A27A0EE}.Release|Any CPU.Build.0 = Release|Any CPU
		{E6A517FD-7B01-41ED-9439-644B609BC85E}.Debug|Any CPU.ActiveCfg = Debug|Any CPU
		{E6A517FD-7B01-41ED-9439-644B609BC85E}.Debug|Any CPU.Build.0 = Debug|Any CPU
		{E6A517FD-7B01-41ED-9439-644B609BC85E}.Release|Any CPU.ActiveCfg = Release|Any CPU
		{E6A517FD-7B01-41ED-9439-644B609BC85E}.Release|Any CPU.Build.0 = Release|Any CPU
		{42BE997D-85A4-49AC-9F16-C008F1D7AEB3}.Debug|Any CPU.ActiveCfg = Debug|Any CPU
		{42BE997D-85A4-49AC-9F16-C008F1D7AEB3}.Debug|Any CPU.Build.0 = Debug|Any CPU
		{42BE997D-85A4-49AC-9F16-C008F1D7AEB3}.Release|Any CPU.ActiveCfg = Release|Any CPU
		{42BE997D-85A4-49AC-9F16-C008F1D7AEB3}.Release|Any CPU.Build.0 = Release|Any CPU
		{3E419150-31F3-41A9-B91C-E1987DD2656F}.Debug|Any CPU.ActiveCfg = Debug|Any CPU
		{3E419150-31F3-41A9-B91C-E1987DD2656F}.Debug|Any CPU.Build.0 = Debug|Any CPU
		{3E419150-31F3-41A9-B91C-E1987DD2656F}.Release|Any CPU.ActiveCfg = Release|Any CPU
		{3E419150-31F3-41A9-B91C-E1987DD2656F}.Release|Any CPU.Build.0 = Release|Any CPU
		{1ABB4315-4B2C-4264-8D90-18848394AED0}.Debug|Any CPU.ActiveCfg = Debug|Any CPU
		{1ABB4315-4B2C-4264-8D90-18848394AED0}.Debug|Any CPU.Build.0 = Debug|Any CPU
		{1ABB4315-4B2C-4264-8D90-18848394AED0}.Release|Any CPU.ActiveCfg = Release|Any CPU
		{1ABB4315-4B2C-4264-8D90-18848394AED0}.Release|Any CPU.Build.0 = Release|Any CPU
		{4D0EDF2C-3871-4FA9-96C2-35DEFF624D00}.Debug|Any CPU.ActiveCfg = Debug|Any CPU
		{4D0EDF2C-3871-4FA9-96C2-35DEFF624D00}.Debug|Any CPU.Build.0 = Debug|Any CPU
		{4D0EDF2C-3871-4FA9-96C2-35DEFF624D00}.Release|Any CPU.ActiveCfg = Release|Any CPU
		{4D0EDF2C-3871-4FA9-96C2-35DEFF624D00}.Release|Any CPU.Build.0 = Release|Any CPU
		{DB130FCD-04DC-4416-ABDF-B6DBFE899236}.Debug|Any CPU.ActiveCfg = Debug|Any CPU
		{DB130FCD-04DC-4416-ABDF-B6DBFE899236}.Debug|Any CPU.Build.0 = Debug|Any CPU
		{DB130FCD-04DC-4416-ABDF-B6DBFE899236}.Release|Any CPU.ActiveCfg = Release|Any CPU
		{DB130FCD-04DC-4416-ABDF-B6DBFE899236}.Release|Any CPU.Build.0 = Release|Any CPU
		{659B5555-8686-4691-911A-CAFB6CC50CC0}.Debug|Any CPU.ActiveCfg = Debug|Any CPU
		{659B5555-8686-4691-911A-CAFB6CC50CC0}.Debug|Any CPU.Build.0 = Debug|Any CPU
		{659B5555-8686-4691-911A-CAFB6CC50CC0}.Release|Any CPU.ActiveCfg = Release|Any CPU
		{659B5555-8686-4691-911A-CAFB6CC50CC0}.Release|Any CPU.Build.0 = Release|Any CPU
		{E1A97BB5-97A1-44CE-B161-7D67601C98A4}.Debug|Any CPU.ActiveCfg = Debug|Any CPU
		{E1A97BB5-97A1-44CE-B161-7D67601C98A4}.Debug|Any CPU.Build.0 = Debug|Any CPU
		{E1A97BB5-97A1-44CE-B161-7D67601C98A4}.Release|Any CPU.ActiveCfg = Release|Any CPU
		{E1A97BB5-97A1-44CE-B161-7D67601C98A4}.Release|Any CPU.Build.0 = Release|Any CPU
		{CD9AA176-FE56-4287-AABC-6EB626E0FE63}.Debug|Any CPU.ActiveCfg = Debug|Any CPU
		{CD9AA176-FE56-4287-AABC-6EB626E0FE63}.Debug|Any CPU.Build.0 = Debug|Any CPU
		{CD9AA176-FE56-4287-AABC-6EB626E0FE63}.Release|Any CPU.ActiveCfg = Release|Any CPU
		{CD9AA176-FE56-4287-AABC-6EB626E0FE63}.Release|Any CPU.Build.0 = Release|Any CPU
		{6E09509F-A806-4199-AB3E-F5FF72DD6F86}.Debug|Any CPU.ActiveCfg = Debug|Any CPU
		{6E09509F-A806-4199-AB3E-F5FF72DD6F86}.Debug|Any CPU.Build.0 = Debug|Any CPU
		{6E09509F-A806-4199-AB3E-F5FF72DD6F86}.Release|Any CPU.ActiveCfg = Release|Any CPU
		{6E09509F-A806-4199-AB3E-F5FF72DD6F86}.Release|Any CPU.Build.0 = Release|Any CPU
		{57F0C8AD-59D5-4856-ADA6-F1D8BDFFECA3}.Debug|Any CPU.ActiveCfg = Debug|Any CPU
		{57F0C8AD-59D5-4856-ADA6-F1D8BDFFECA3}.Debug|Any CPU.Build.0 = Debug|Any CPU
		{57F0C8AD-59D5-4856-ADA6-F1D8BDFFECA3}.Release|Any CPU.ActiveCfg = Release|Any CPU
		{57F0C8AD-59D5-4856-ADA6-F1D8BDFFECA3}.Release|Any CPU.Build.0 = Release|Any CPU
		{1601ED9C-1F5F-4173-BFF9-579F066636DA}.Debug|Any CPU.ActiveCfg = Debug|Any CPU
		{1601ED9C-1F5F-4173-BFF9-579F066636DA}.Debug|Any CPU.Build.0 = Debug|Any CPU
		{1601ED9C-1F5F-4173-BFF9-579F066636DA}.Release|Any CPU.ActiveCfg = Release|Any CPU
		{1601ED9C-1F5F-4173-BFF9-579F066636DA}.Release|Any CPU.Build.0 = Release|Any CPU
		{1731778B-1A99-48C1-809F-EA73C14626B7}.Debug|Any CPU.ActiveCfg = Debug|Any CPU
		{1731778B-1A99-48C1-809F-EA73C14626B7}.Debug|Any CPU.Build.0 = Debug|Any CPU
		{1731778B-1A99-48C1-809F-EA73C14626B7}.Release|Any CPU.ActiveCfg = Release|Any CPU
		{1731778B-1A99-48C1-809F-EA73C14626B7}.Release|Any CPU.Build.0 = Release|Any CPU
		{6252BAE7-A6CF-4421-8D0F-0E7257D2A882}.Debug|Any CPU.ActiveCfg = Debug|Any CPU
		{6252BAE7-A6CF-4421-8D0F-0E7257D2A882}.Debug|Any CPU.Build.0 = Debug|Any CPU
		{6252BAE7-A6CF-4421-8D0F-0E7257D2A882}.Release|Any CPU.ActiveCfg = Release|Any CPU
		{6252BAE7-A6CF-4421-8D0F-0E7257D2A882}.Release|Any CPU.Build.0 = Release|Any CPU
		{1840D12D-68A2-492D-AD66-F515D48D358A}.Debug|Any CPU.ActiveCfg = Debug|Any CPU
		{1840D12D-68A2-492D-AD66-F515D48D358A}.Debug|Any CPU.Build.0 = Debug|Any CPU
		{1840D12D-68A2-492D-AD66-F515D48D358A}.Release|Any CPU.ActiveCfg = Release|Any CPU
		{1840D12D-68A2-492D-AD66-F515D48D358A}.Release|Any CPU.Build.0 = Release|Any CPU
		{25F036B0-379B-4811-BAC7-01ED816F7D51}.Debug|Any CPU.ActiveCfg = Debug|Any CPU
		{25F036B0-379B-4811-BAC7-01ED816F7D51}.Debug|Any CPU.Build.0 = Debug|Any CPU
		{25F036B0-379B-4811-BAC7-01ED816F7D51}.Release|Any CPU.ActiveCfg = Release|Any CPU
		{25F036B0-379B-4811-BAC7-01ED816F7D51}.Release|Any CPU.Build.0 = Release|Any CPU
		{A01A1F5E-7B81-404C-85E3-FA7FE2887E20}.Debug|Any CPU.ActiveCfg = Debug|Any CPU
		{A01A1F5E-7B81-404C-85E3-FA7FE2887E20}.Debug|Any CPU.Build.0 = Debug|Any CPU
		{A01A1F5E-7B81-404C-85E3-FA7FE2887E20}.Release|Any CPU.ActiveCfg = Release|Any CPU
		{A01A1F5E-7B81-404C-85E3-FA7FE2887E20}.Release|Any CPU.Build.0 = Release|Any CPU
		{4E4FA09E-BBA8-4A41-BC10-38148F8EC890}.Debug|Any CPU.ActiveCfg = Debug|Any CPU
		{4E4FA09E-BBA8-4A41-BC10-38148F8EC890}.Debug|Any CPU.Build.0 = Debug|Any CPU
		{4E4FA09E-BBA8-4A41-BC10-38148F8EC890}.Release|Any CPU.ActiveCfg = Release|Any CPU
		{4E4FA09E-BBA8-4A41-BC10-38148F8EC890}.Release|Any CPU.Build.0 = Release|Any CPU
		{1CEA6F2B-5044-4337-BE08-12817CAD9937}.Debug|Any CPU.ActiveCfg = Debug|Any CPU
		{1CEA6F2B-5044-4337-BE08-12817CAD9937}.Debug|Any CPU.Build.0 = Debug|Any CPU
		{1CEA6F2B-5044-4337-BE08-12817CAD9937}.Release|Any CPU.ActiveCfg = Release|Any CPU
		{1CEA6F2B-5044-4337-BE08-12817CAD9937}.Release|Any CPU.Build.0 = Release|Any CPU
		{74AB5100-68FE-425F-A32E-B999477E4180}.Debug|Any CPU.ActiveCfg = Debug|Any CPU
		{74AB5100-68FE-425F-A32E-B999477E4180}.Debug|Any CPU.Build.0 = Debug|Any CPU
		{74AB5100-68FE-425F-A32E-B999477E4180}.Release|Any CPU.ActiveCfg = Release|Any CPU
		{74AB5100-68FE-425F-A32E-B999477E4180}.Release|Any CPU.Build.0 = Release|Any CPU
		{D3514EAE-52A3-4EA5-892A-4BA0C05DC669}.Debug|Any CPU.ActiveCfg = Debug|Any CPU
		{D3514EAE-52A3-4EA5-892A-4BA0C05DC669}.Debug|Any CPU.Build.0 = Debug|Any CPU
		{D3514EAE-52A3-4EA5-892A-4BA0C05DC669}.Release|Any CPU.ActiveCfg = Release|Any CPU
		{D3514EAE-52A3-4EA5-892A-4BA0C05DC669}.Release|Any CPU.Build.0 = Release|Any CPU
		{BCDA5ADB-C39D-4666-99F1-C5BF0BD1C304}.Debug|Any CPU.ActiveCfg = Debug|Any CPU
		{BCDA5ADB-C39D-4666-99F1-C5BF0BD1C304}.Debug|Any CPU.Build.0 = Debug|Any CPU
		{BCDA5ADB-C39D-4666-99F1-C5BF0BD1C304}.Release|Any CPU.ActiveCfg = Release|Any CPU
		{BCDA5ADB-C39D-4666-99F1-C5BF0BD1C304}.Release|Any CPU.Build.0 = Release|Any CPU
		{1F09D1AB-17AF-46E1-AC09-C2DE32FD639B}.Debug|Any CPU.ActiveCfg = Debug|Any CPU
		{1F09D1AB-17AF-46E1-AC09-C2DE32FD639B}.Debug|Any CPU.Build.0 = Debug|Any CPU
		{1F09D1AB-17AF-46E1-AC09-C2DE32FD639B}.Release|Any CPU.ActiveCfg = Release|Any CPU
		{1F09D1AB-17AF-46E1-AC09-C2DE32FD639B}.Release|Any CPU.Build.0 = Release|Any CPU
		{7FCFC909-DFD9-471B-B235-10E73D0BB035}.Debug|Any CPU.ActiveCfg = Debug|Any CPU
		{7FCFC909-DFD9-471B-B235-10E73D0BB035}.Debug|Any CPU.Build.0 = Debug|Any CPU
		{7FCFC909-DFD9-471B-B235-10E73D0BB035}.Release|Any CPU.ActiveCfg = Release|Any CPU
		{7FCFC909-DFD9-471B-B235-10E73D0BB035}.Release|Any CPU.Build.0 = Release|Any CPU
		{FD155899-C73A-4D90-A776-04AD0DEFCDA7}.Debug|Any CPU.ActiveCfg = Debug|Any CPU
		{FD155899-C73A-4D90-A776-04AD0DEFCDA7}.Debug|Any CPU.Build.0 = Debug|Any CPU
		{FD155899-C73A-4D90-A776-04AD0DEFCDA7}.Release|Any CPU.ActiveCfg = Release|Any CPU
		{FD155899-C73A-4D90-A776-04AD0DEFCDA7}.Release|Any CPU.Build.0 = Release|Any CPU
		{69273BAE-4A96-43E8-8BE1-1C79C510B195}.Debug|Any CPU.ActiveCfg = Debug|Any CPU
		{69273BAE-4A96-43E8-8BE1-1C79C510B195}.Debug|Any CPU.Build.0 = Debug|Any CPU
		{69273BAE-4A96-43E8-8BE1-1C79C510B195}.Release|Any CPU.ActiveCfg = Release|Any CPU
		{69273BAE-4A96-43E8-8BE1-1C79C510B195}.Release|Any CPU.Build.0 = Release|Any CPU
		{22C4EE53-4C7C-4D63-985E-DE8D216C9347}.Debug|Any CPU.ActiveCfg = Debug|Any CPU
		{22C4EE53-4C7C-4D63-985E-DE8D216C9347}.Debug|Any CPU.Build.0 = Debug|Any CPU
		{22C4EE53-4C7C-4D63-985E-DE8D216C9347}.Release|Any CPU.ActiveCfg = Release|Any CPU
		{22C4EE53-4C7C-4D63-985E-DE8D216C9347}.Release|Any CPU.Build.0 = Release|Any CPU
	EndGlobalSection
	GlobalSection(SolutionProperties) = preSolution
		HideSolutionNode = FALSE
	EndGlobalSection
	GlobalSection(ExtensibilityGlobals) = postSolution
		SolutionGuid = {CC820DCC-1BC4-4B20-AB9F-2F7048B4629C}
	EndGlobalSection
EndGlobal
